
Microsoft Visual Studio Solution File, Format Version 12.00
# Visual Studio Version 17
VisualStudioVersion = 17.4.33213.308
MinimumVisualStudioVersion = 10.0.40219.1
Project("{FAE04EC0-301F-11D3-BF4B-00C04F79EFBC}") = "EmployeeData", "EmployeeData.csproj", "{EDE56D01-1EF5-4385-829D-60CFE320ACB0}"
EndProject
Global
	GlobalSection(SolutionConfigurationPlatforms) = preSolution
		Debug|Any CPU = Debug|Any CPU
		Release|Any CPU = Release|Any CPU
	EndGlobalSection
	GlobalSection(ProjectConfigurationPlatforms) = postSolution
		{EDE56D01-1EF5-4385-829D-60CFE320ACB0}.Debug|Any CPU.ActiveCfg = Debug|Any CPU
		{EDE56D01-1EF5-4385-829D-60CFE320ACB0}.Debug|Any CPU.Build.0 = Debug|Any CPU
		{EDE56D01-1EF5-4385-829D-60CFE320ACB0}.Release|Any CPU.ActiveCfg = Release|Any CPU
		{EDE56D01-1EF5-4385-829D-60CFE320ACB0}.Release|Any CPU.Build.0 = Release|Any CPU
	EndGlobalSection
	GlobalSection(SolutionProperties) = preSolution
		HideSolutionNode = FALSE
	EndGlobalSection
	GlobalSection(ExtensibilityGlobals) = postSolution
		SolutionGuid = {3E2FDAC8-7F1E-448A-8795-FE5DD2177362}
	EndGlobalSection
EndGlobal
